# This file is automatically @generated by Cargo.
# It is not intended for manual editing.
[[package]]
name = "dym"
version = "1.0.1"
source = "registry+https://github.com/rust-lang/crates.io-index"
checksum = "161f3bdff91acb425aced05e3b29b4cde42e265a2c4a9b0ea8f8b092bdb48e56"

[[package]]
name = "once_cell"
version = "1.7.2"
source = "registry+https://github.com/rust-lang/crates.io-index"
checksum = "af8b08b04175473088b46763e51ee54da5f9a164bc162f615b91bc179dbf15a3"

[[package]]
name = "spelling-corrector"
version = "0.1.0"
dependencies = [
 "dym",
 "once_cell",
]
